// !$*UTF8*$!
{
	archiveVersion = 1;
	classes = {
	};
	objectVersion = 50;
	objects = {

/* Begin PBXBuildFile section */
		D9FB216A24DBF4BB009DC6CB /* AppDelegate.swift in Sources */ = {isa = PBXBuildFile; fileRef = D9FB216924DBF4BB009DC6CB /* AppDelegate.swift */; };
		D9FB216C24DBF4BB009DC6CB /* SceneDelegate.swift in Sources */ = {isa = PBXBuildFile; fileRef = D9FB216B24DBF4BB009DC6CB /* SceneDelegate.swift */; };
		D9FB216E24DBF4BB009DC6CB /* ColorMagicVC.swift in Sources */ = {isa = PBXBuildFile; fileRef = D9FB216D24DBF4BB009DC6CB /* ColorMagicVC.swift */; };
		D9FB217124DBF4BB009DC6CB /* Main.storyboard in Resources */ = {isa = PBXBuildFile; fileRef = D9FB216F24DBF4BB009DC6CB /* Main.storyboard */; };
		D9FB217324DBF4BF009DC6CB /* Assets.xcassets in Resources */ = {isa = PBXBuildFile; fileRef = D9FB217224DBF4BF009DC6CB /* Assets.xcassets */; };
		D9FB217624DBF4BF009DC6CB /* LaunchScreen.storyboard in Resources */ = {isa = PBXBuildFile; fileRef = D9FB217424DBF4BF009DC6CB /* LaunchScreen.storyboard */; };
		D9FB217E24DC03A1009DC6CB /* ColorTransfareDelegate.swift in Sources */ = {isa = PBXBuildFile; fileRef = D9FB217D24DC03A1009DC6CB /* ColorTransfareDelegate.swift */; };
		D9FB218024DC0456009DC6CB /* ChangeColorVC.swift in Sources */ = {isa = PBXBuildFile; fileRef = D9FB217F24DC0456009DC6CB /* ChangeColorVC.swift */; };
/* End PBXBuildFile section */

/* Begin PBXFileReference section */
		D9FB216624DBF4BB009DC6CB /* Color Magic.app */ = {isa = PBXFileReference; explicitFileType = wrapper.application; includeInIndex = 0; path = "Color Magic.app"; sourceTree = BUILT_PRODUCTS_DIR; };
		D9FB216924DBF4BB009DC6CB /* AppDelegate.swift */ = {isa = PBXFileReference; lastKnownFileType = sourcecode.swift; path = AppDelegate.swift; sourceTree = "<group>"; };
		D9FB216B24DBF4BB009DC6CB /* SceneDelegate.swift */ = {isa = PBXFileReference; lastKnownFileType = sourcecode.swift; path = SceneDelegate.swift; sourceTree = "<group>"; };
		D9FB216D24DBF4BB009DC6CB /* ColorMagicVC.swift */ = {isa = PBXFileReference; lastKnownFileType = sourcecode.swift; path = ColorMagicVC.swift; sourceTree = "<group>"; };
		D9FB217024DBF4BB009DC6CB /* Base */ = {isa = PBXFileReference; lastKnownFileType = file.storyboard; name = Base; path = Base.lproj/Main.storyboard; sourceTree = "<group>"; };
		D9FB217224DBF4BF009DC6CB /* Assets.xcassets */ = {isa = PBXFileReference; lastKnownFileType = folder.assetcatalog; path = Assets.xcassets; sourceTree = "<group>"; };
		D9FB217524DBF4BF009DC6CB /* Base */ = {isa = PBXFileReference; lastKnownFileType = file.storyboard; name = Base; path = Base.lproj/LaunchScreen.storyboard; sourceTree = "<group>"; };
		D9FB217724DBF4BF009DC6CB /* Info.plist */ = {isa = PBXFileReference; lastKnownFileType = text.plist.xml; path = Info.plist; sourceTree = "<group>"; };
		D9FB217D24DC03A1009DC6CB /* ColorTransfareDelegate.swift */ = {isa = PBXFileReference; lastKnownFileType = sourcecode.swift; path = ColorTransfareDelegate.swift; sourceTree = "<group>"; };
		D9FB217F24DC0456009DC6CB /* ChangeColorVC.swift */ = {isa = PBXFileReference; lastKnownFileType = sourcecode.swift; path = ChangeColorVC.swift; sourceTree = "<group>"; };
/* End PBXFileReference section */

/* Begin PBXFrameworksBuildPhase section */
		D9FB216324DBF4BB009DC6CB /* Frameworks */ = {
			isa = PBXFrameworksBuildPhase;
			buildActionMask = 2147483647;
			files = (
			);
			runOnlyForDeploymentPostprocessing = 0;
		};
/* End PBXFrameworksBuildPhase section */

/* Begin PBXGroup section */
		D9FB215D24DBF4BB009DC6CB = {
			isa = PBXGroup;
			children = (
				D9FB216824DBF4BB009DC6CB /* Color Magic */,
				D9FB216724DBF4BB009DC6CB /* Products */,
			);
			sourceTree = "<group>";
		};
		D9FB216724DBF4BB009DC6CB /* Products */ = {
			isa = PBXGroup;
			children = (
				D9FB216624DBF4BB009DC6CB /* Color Magic.app */,
			);
			name = Products;
			sourceTree = "<group>";
		};
		D9FB216824DBF4BB009DC6CB /* Color Magic */ = {
			isa = PBXGroup;
			children = (
				D9FB216924DBF4BB009DC6CB /* AppDelegate.swift */,
				D9FB216B24DBF4BB009DC6CB /* SceneDelegate.swift */,
				D9FB217D24DC03A1009DC6CB /* ColorTransfareDelegate.swift */,
				D9FB216D24DBF4BB009DC6CB /* ColorMagicVC.swift */,
				D9FB217F24DC0456009DC6CB /* ChangeColorVC.swift */,
				D9FB216F24DBF4BB009DC6CB /* Main.storyboard */,
				D9FB217224DBF4BF009DC6CB /* Assets.xcassets */,
				D9FB217424DBF4BF009DC6CB /* LaunchScreen.storyboard */,
				D9FB217724DBF4BF009DC6CB /* Info.plist */,
			);
			path = "Color Magic";
			sourceTree = "<group>";
		};
/* End PBXGroup section */

/* Begin PBXNativeTarget section */
		D9FB216524DBF4BB009DC6CB /* Color Magic */ = {
			isa = PBXNativeTarget;
			buildConfigurationList = D9FB217A24DBF4BF009DC6CB /* Build configuration list for PBXNativeTarget "Color Magic" */;
			buildPhases = (
				D9FB216224DBF4BB009DC6CB /* Sources */,
				D9FB216324DBF4BB009DC6CB /* Frameworks */,
				D9FB216424DBF4BB009DC6CB /* Resources */,
			);
			buildRules = (
			);
			dependencies = (
			);
			name = "Color Magic";
			productName = "Color Magic";
			productReference = D9FB216624DBF4BB009DC6CB /* Color Magic.app */;
			productType = "com.apple.product-type.application";
		};
/* End PBXNativeTarget section */

/* Begin PBXProject section */
		D9FB215E24DBF4BB009DC6CB /* Project object */ = {
			isa = PBXProject;
			attributes = {
				LastSwiftUpdateCheck = 1110;
				LastUpgradeCheck = 1110;
				ORGANIZATIONNAME = MohamedHamid;
				TargetAttributes = {
					D9FB216524DBF4BB009DC6CB = {
						CreatedOnToolsVersion = 11.1;
					};
				};
			};
			buildConfigurationList = D9FB216124DBF4BB009DC6CB /* Build configuration list for PBXProject "Color Magic" */;
			compatibilityVersion = "Xcode 9.3";
			developmentRegion = en;
			hasScannedForEncodings = 0;
			knownRegions = (
				en,
				Base,
			);
			mainGroup = D9FB215D24DBF4BB009DC6CB;
			productRefGroup = D9FB216724DBF4BB009DC6CB /* Products */;
			projectDirPath = "";
			projectRoot = "";
			targets = (
				D9FB216524DBF4BB009DC6CB /* Color Magic */,
			);
		};
/* End PBXProject section */

/* Begin PBXResourcesBuildPhase section */
		D9FB216424DBF4BB009DC6CB /* Resources */ = {
			isa = PBXResourcesBuildPhase;
			buildActionMask = 2147483647;
			files = (
				D9FB217624DBF4BF009DC6CB /* LaunchScreen.storyboard in Resources */,
				D9FB217324DBF4BF009DC6CB /* Assets.xcassets in Resources */,
				D9FB217124DBF4BB009DC6CB /* Main.storyboard in Resources */,
			);
			runOnlyForDeploymentPostprocessing = 0;
		};
/* End PBXResourcesBuildPhase section */

/* Begin PBXSourcesBuildPhase section */
		D9FB216224DBF4BB009DC6CB /* Sources */ = {
			isa = PBXSourcesBuildPhase;
			buildActionMask = 2147483647;
			files = (
				D9FB216E24DBF4BB009DC6CB /* ColorMagicVC.swift in Sources */,
				D9FB216A24DBF4BB009DC6CB /* AppDelegate.swift in Sources */,
				D9FB218024DC0456009DC6CB /* ChangeColorVC.swift in Sources */,
				D9FB216C24DBF4BB009DC6CB /* SceneDelegate.swift in Sources */,
				D9FB217E24DC03A1009DC6CB /* ColorTransfareDelegate.swift in Sources */,
			);
			runOnlyForDeploymentPostprocessing = 0;
		};
/* End PBXSourcesBuildPhase section */

/* Begin PBXVariantGroup section */
		D9FB216F24DBF4BB009DC6CB /* Main.storyboard */ = {
			isa = PBXVariantGroup;
			children = (
				D9FB217024DBF4BB009DC6CB /* Base */,
			);
			name = Main.storyboard;
			sourceTree = "<group>";
		};
		D9FB217424DBF4BF009DC6CB /* LaunchScreen.storyboard */ = {
			isa = PBXVariantGroup;
			children = (
				D9FB217524DBF4BF009DC6CB /* Base */,
			);
			name = LaunchScreen.storyboard;
			sourceTree = "<group>";
		};
/* End PBXVariantGroup section */

/* Begin XCBuildConfiguration section */
		D9FB217824DBF4BF009DC6CB /* Debug */ = {
			isa = XCBuildConfiguration;
			buildSettings = {
				ALWAYS_SEARCH_USER_PATHS = NO;
				CLANG_ANALYZER_NONNULL = YES;
				CLANG_ANALYZER_NUMBER_OBJECT_CONVERSION = YES_AGGRESSIVE;
				CLANG_CXX_LANGUAGE_STANDARD = "gnu++14";
				CLANG_CXX_LIBRARY = "libc++";
				CLANG_ENABLE_MODULES = YES;
				CLANG_ENABLE_OBJC_ARC = YES;
				CLANG_ENABLE_OBJC_WEAK = YES;
				CLANG_WARN_BLOCK_CAPTURE_AUTORELEASING = YES;
				CLANG_WARN_BOOL_CONVERSION = YES;
				CLANG_WARN_COMMA = YES;
				CLANG_WARN_CONSTANT_CONVERSION = YES;
				CLANG_WARN_DEPRECATED_OBJC_IMPLEMENTATIONS = YES;
				CLANG_WARN_DIRECT_OBJC_ISA_USAGE = YES_ERROR;
				CLANG_WARN_DOCUMENTATION_COMMENTS = YES;
				CLANG_WARN_EMPTY_BODY = YES;
				CLANG_WARN_ENUM_CONVERSION = YES;
				CLANG_WARN_INFINITE_RECURSION = YES;
				CLANG_WARN_INT_CONVERSION = YES;
				CLANG_WARN_NON_LITERAL_NULL_CONVERSION = YES;
				CLANG_WARN_OBJC_IMPLICIT_RETAIN_SELF = YES;
				CLANG_WARN_OBJC_LITERAL_CONVERSION = YES;
				CLANG_WARN_OBJC_ROOT_CLASS = YES_ERROR;
				CLANG_WARN_RANGE_LOOP_ANALYSIS = YES;
				CLANG_WARN_STRICT_PROTOTYPES = YES;
				CLANG_WARN_SUSPICIOUS_MOVE = YES;
				CLANG_WARN_UNGUARDED_AVAILABILITY = YES_AGGRESSIVE;
				CLANG_WARN_UNREACHABLE_CODE = YES;
				CLANG_WARN__DUPLICATE_METHOD_MATCH = YES;
				COPY_PHASE_STRIP = NO;
				DEBUG_INFORMATION_FORMAT = dwarf;
				ENABLE_STRICT_OBJC_MSGSEND = YES;
				ENABLE_TESTABILITY = YES;
				GCC_C_LANGUAGE_STANDARD = gnu11;
				GCC_DYNAMIC_NO_PIC = NO;
				GCC_NO_COMMON_BLOCKS = YES;
				GCC_OPTIMIZATION_LEVEL = 0;
				GCC_PREPROCESSOR_DEFINITIONS = (
					"DEBUG=1",
					"$(inherited)",
				);
				GCC_WARN_64_TO_32_BIT_CONVERSION = YES;
				GCC_WARN_ABOUT_RETURN_TYPE = YES_ERROR;
				GCC_WARN_UNDECLARED_SELECTOR = YES;
				GCC_WARN_UNINITIALIZED_AUTOS = YES_AGGRESSIVE;
				GCC_WARN_UNUSED_FUNCTION = YES;
				GCC_WARN_UNUSED_VARIABLE = YES;
				IPHONEOS_DEPLOYMENT_TARGET = 13.1;
				MTL_ENABLE_DEBUG_INFO = INCLUDE_SOURCE;
				MTL_FAST_MATH = YES;
				ONLY_ACTIVE_ARCH = YES;
				SDKROOT = iphoneos;
				SWIFT_ACTIVE_COMPILATION_CONDITIONS = DEBUG;
				SWIFT_OPTIMIZATION_LEVEL = "-Onone";
			};
			name = Debug;
		};
		D9FB217924DBF4BF009DC6CB /* Release */ = {
			isa = XCBuildConfiguration;
			buildSettings = {
				ALWAYS_SEARCH_USER_PATHS = NO;
				CLANG_ANALYZER_NONNULL = YES;
				CLANG_ANALYZER_NUMBER_OBJECT_CONVERSION = YES_AGGRESSIVE;
				CLANG_CXX_LANGUAGE_STANDARD = "gnu++14";
				CLANG_CXX_LIBRARY = "libc++";
				CLANG_ENABLE_MODULES = YES;
				CLANG_ENABLE_OBJC_ARC = YES;
				CLANG_ENABLE_OBJC_WEAK = YES;
				CLANG_WARN_BLOCK_CAPTURE_AUTORELEASING = YES;
				CLANG_WARN_BOOL_CONVERSION = YES;
				CLANG_WARN_COMMA = YES;
				CLANG_WARN_CONSTANT_CONVERSION = YES;
				CLANG_WARN_DEPRECATED_OBJC_IMPLEMENTATIONS = YES;
				CLANG_WARN_DIRECT_OBJC_ISA_USAGE = YES_ERROR;
				CLANG_WARN_DOCUMENTATION_COMMENTS = YES;
				CLANG_WARN_EMPTY_BODY = YES;
				CLANG_WARN_ENUM_CONVERSION = YES;
				CLANG_WARN_INFINITE_RECURSION = YES;
				CLANG_WARN_INT_CONVERSION = YES;
				CLANG_WARN_NON_LITERAL_NULL_CONVERSION = YES;
				CLANG_WARN_OBJC_IMPLICIT_RETAIN_SELF = YES;
				CLANG_WARN_OBJC_LITERAL_CONVERSION = YES;
				CLANG_WARN_OBJC_ROOT_CLASS = YES_ERROR;
				CLANG_WARN_RANGE_LOOP_ANALYSIS = YES;
				CLANG_WARN_STRICT_PROTOTYPES = YES;
				CLANG_WARN_SUSPICIOUS_MOVE = YES;
				CLANG_WARN_UNGUARDED_AVAILABILITY = YES_AGGRESSIVE;
				CLANG_WARN_UNREACHABLE_CODE = YES;
				CLANG_WARN__DUPLICATE_METHOD_MATCH = YES;
				COPY_PHASE_STRIP = NO;
				DEBUG_INFORMATION_FORMAT = "dwarf-with-dsym";
				ENABLE_NS_ASSERTIONS = NO;
				ENABLE_STRICT_OBJC_MSGSEND = YES;
				GCC_C_LANGUAGE_STANDARD = gnu11;
				GCC_NO_COMMON_BLOCKS = YES;
				GCC_WARN_64_TO_32_BIT_CONVERSION = YES;
				GCC_WARN_ABOUT_RETURN_TYPE = YES_ERROR;
				GCC_WARN_UNDECLARED_SELECTOR = YES;
				GCC_WARN_UNINITIALIZED_AUTOS = YES_AGGRESSIVE;
				GCC_WARN_UNUSED_FUNCTION = YES;
				GCC_WARN_UNUSED_VARIABLE = YES;
				IPHONEOS_DEPLOYMENT_TARGET = 13.1;
				MTL_ENABLE_DEBUG_INFO = NO;
				MTL_FAST_MATH = YES;
				SDKROOT = iphoneos;
				SWIFT_COMPILATION_MODE = wholemodule;
				SWIFT_OPTIMIZATION_LEVEL = "-O";
				VALIDATE_PRODUCT = YES;
			};
			name = Release;
		};
		D9FB217B24DBF4BF009DC6CB /* Debug */ = {
			isa = XCBuildConfiguration;
			buildSettings = {
				ASSETCATALOG_COMPILER_APPICON_NAME = AppIcon;
				CODE_SIGN_STYLE = Automatic;
				INFOPLIST_FILE = "Color Magic/Info.plist";
				LD_RUNPATH_SEARCH_PATHS = (
					"$(inherited)",
					"@executable_path/Frameworks",
				);
				PRODUCT_BUNDLE_IDENTIFIER = "MohammedHamid.Color-Magic";
				PRODUCT_NAME = "$(TARGET_NAME)";
				SWIFT_VERSION = 5.0;
				TARGETED_DEVICE_FAMILY = "1,2";
			};
			name = Debug;
		};
		D9FB217C24DBF4BF009DC6CB /* Release */ = {
			isa = XCBuildConfiguration;
			buildSettings = {
				ASSETCATALOG_COMPILER_APPICON_NAME = AppIcon;
				CODE_SIGN_STYLE = Automatic;
				INFOPLIST_FILE = "Color Magic/Info.plist";
				LD_RUNPATH_SEARCH_PATHS = (
					"$(inherited)",
					"@executable_path/Frameworks",
				);
				PRODUCT_BUNDLE_IDENTIFIER = "MohammedHamid.Color-Magic";
				PRODUCT_NAME = "$(TARGET_NAME)";
				SWIFT_VERSION = 5.0;
				TARGETED_DEVICE_FAMILY = "1,2";
			};
			name = Release;
		};
/* End XCBuildConfiguration section */

/* Begin XCConfigurationList section */
		D9FB216124DBF4BB009DC6CB /* Build configuration list for PBXProject "Color Magic" */ = {
			isa = XCConfigurationList;
			buildConfigurations = (
				D9FB217824DBF4BF009DC6CB /* Debug */,
				D9FB217924DBF4BF009DC6CB /* Release */,
			);
			defaultConfigurationIsVisible = 0;
			defaultConfigurationName = Release;
		};
		D9FB217A24DBF4BF009DC6CB /* Build configuration list for PBXNativeTarget "Color Magic" */ = {
			isa = XCConfigurationList;
			buildConfigurations = (
				D9FB217B24DBF4BF009DC6CB /* Debug */,
				D9FB217C24DBF4BF009DC6CB /* Release */,
			);
			defaultConfigurationIsVisible = 0;
			defaultConfigurationName = Release;
		};
/* End XCConfigurationList section */
	};
	rootObject = D9FB215E24DBF4BB009DC6CB /* Project object */;
}
